
Microsoft Visual Studio Solution File, Format Version 12.00
# Visual Studio 14
VisualStudioVersion = 14.0.24720.0
MinimumVisualStudioVersion = 10.0.40219.1
Project("{FAE04EC0-301F-11D3-BF4B-00C04F79EFBC}") = "SearchRegex", "SearchRegex\SearchRegex.csproj", "{CB2773FD-396E-4F00-B60C-2C2CCEEE8E2F}"
EndProject
Project("{FAE04EC0-301F-11D3-BF4B-00C04F79EFBC}") = "ThreadPoolDemo", "ThreadPoolDemo\ThreadPoolDemo.csproj", "{548ACE97-E37C-4A70-A81E-7E87B8E62766}"
EndProject
Project("{FAE04EC0-301F-11D3-BF4B-00C04F79EFBC}") = "SimpleThreadingDemo", "SimpleThreadingDemo\SimpleThreadingDemo.csproj", "{7487AB12-B7DE-45A7-9311-57F92F787777}"
EndProject
Project("{FAE04EC0-301F-11D3-BF4B-00C04F79EFBC}") = "SerializerPerson", "SerializerPerson\SerializerPerson.csproj", "{C4E308A7-4C45-4D01-91A5-B9815ABA133F}"
EndProject
Global
	GlobalSection(SolutionConfigurationPlatforms) = preSolution
		Debug|Any CPU = Debug|Any CPU
		Release|Any CPU = Release|Any CPU
	EndGlobalSection
	GlobalSection(ProjectConfigurationPlatforms) = postSolution
		{CB2773FD-396E-4F00-B60C-2C2CCEEE8E2F}.Debug|Any CPU.ActiveCfg = Debug|Any CPU
		{CB2773FD-396E-4F00-B60C-2C2CCEEE8E2F}.Debug|Any CPU.Build.0 = Debug|Any CPU
		{CB2773FD-396E-4F00-B60C-2C2CCEEE8E2F}.Release|Any CPU.ActiveCfg = Release|Any CPU
		{CB2773FD-396E-4F00-B60C-2C2CCEEE8E2F}.Release|Any CPU.Build.0 = Release|Any CPU
		{548ACE97-E37C-4A70-A81E-7E87B8E62766}.Debug|Any CPU.ActiveCfg = Debug|Any CPU
		{548ACE97-E37C-4A70-A81E-7E87B8E62766}.Debug|Any CPU.Build.0 = Debug|Any CPU
		{548ACE97-E37C-4A70-A81E-7E87B8E62766}.Release|Any CPU.ActiveCfg = Release|Any CPU
		{548ACE97-E37C-4A70-A81E-7E87B8E62766}.Release|Any CPU.Build.0 = Release|Any CPU
		{7487AB12-B7DE-45A7-9311-57F92F787777}.Debug|Any CPU.ActiveCfg = Debug|Any CPU
		{7487AB12-B7DE-45A7-9311-57F92F787777}.Debug|Any CPU.Build.0 = Debug|Any CPU
		{7487AB12-B7DE-45A7-9311-57F92F787777}.Release|Any CPU.ActiveCfg = Release|Any CPU
		{7487AB12-B7DE-45A7-9311-57F92F787777}.Release|Any CPU.Build.0 = Release|Any CPU
		{C4E308A7-4C45-4D01-91A5-B9815ABA133F}.Debug|Any CPU.ActiveCfg = Debug|Any CPU
		{C4E308A7-4C45-4D01-91A5-B9815ABA133F}.Debug|Any CPU.Build.0 = Debug|Any CPU
		{C4E308A7-4C45-4D01-91A5-B9815ABA133F}.Release|Any CPU.ActiveCfg = Release|Any CPU
		{C4E308A7-4C45-4D01-91A5-B9815ABA133F}.Release|Any CPU.Build.0 = Release|Any CPU
	EndGlobalSection
	GlobalSection(SolutionProperties) = preSolution
		HideSolutionNode = FALSE
	EndGlobalSection
EndGlobal
